
Microsoft Visual Studio Solution File, Format Version 12.00
# Visual Studio Version 16
VisualStudioVersion = 16.0.31129.286
MinimumVisualStudioVersion = 10.0.40219.1
Project("{9A19103F-16F7-4668-BE54-9A1E7A4F7556}") = "KampIntro", "KampIntro\KampIntro.csproj", "{CB534CD9-4AB3-4C15-8246-60E04C963B47}"
EndProject
Project("{9A19103F-16F7-4668-BE54-9A1E7A4F7556}") = "Donguler", "Donguler\Donguler.csproj", "{114856AC-BCFE-4B17-A57F-20E29C14E953}"
EndProject
Project("{9A19103F-16F7-4668-BE54-9A1E7A4F7556}") = "ClassIntro", "ClassIntro\ClassIntro.csproj", "{7BB96DA2-8F19-4A6F-B5B4-42C43FB5677D}"
EndProject
Project("{9A19103F-16F7-4668-BE54-9A1E7A4F7556}") = "Metotlar", "Metotlar\Metotlar.csproj", "{286E8A22-057C-48B3-A145-6CD6275C2C39}"
EndProject
Project("{9A19103F-16F7-4668-BE54-9A1E7A4F7556}") = "Matematik", "Matematik\Matematik.csproj", "{D8C16C74-E9C0-4EE2-BA02-D623FD40072E}"
EndProject
Project("{9A19103F-16F7-4668-BE54-9A1E7A4F7556}") = "DegerveReferansTipler", "DegerveReferansTipler\DegerveReferansTipler.csproj", "{1C6D90D2-B581-4BAF-A5EA-B0922A89F646}"
EndProject
Project("{9A19103F-16F7-4668-BE54-9A1E7A4F7556}") = "ClassMetotDemo", "ClassMetotDemo\ClassMetotDemo.csproj", "{C8DE7D3F-3852-438E-AA80-C905C9DAD01F}"
EndProject
Project("{9A19103F-16F7-4668-BE54-9A1E7A4F7556}") = "DnemeProje", "DnemeProje\DnemeProje.csproj", "{4A4F787B-CD8D-4B2A-99A9-A36FFC3AB271}"
EndProject
Project("{9A19103F-16F7-4668-BE54-9A1E7A4F7556}") = "Constructors", "Constructors\Constructors.csproj", "{E760CC64-7F73-4EEB-BF72-2C6246743107}"
EndProject
Project("{9A19103F-16F7-4668-BE54-9A1E7A4F7556}") = "Interfaces", "Interfaces\Interfaces.csproj", "{45740144-4EFB-40BF-B721-3087F21CE9BB}"
EndProject
Project("{9A19103F-16F7-4668-BE54-9A1E7A4F7556}") = "Generics", "Generics\Generics.csproj", "{B01BF6AB-23FF-492E-9047-940BA872FA6C}"
EndProject
Project("{FAE04EC0-301F-11D3-BF4B-00C04F79EFBC}") = "Dictionary", "Dictionary\Dictionary.csproj", "{733E13E2-D1BF-4940-A4CC-8FF072AC7A3E}"
EndProject
Global
	GlobalSection(SolutionConfigurationPlatforms) = preSolution
		Debug|Any CPU = Debug|Any CPU
		Release|Any CPU = Release|Any CPU
	EndGlobalSection
	GlobalSection(ProjectConfigurationPlatforms) = postSolution
		{CB534CD9-4AB3-4C15-8246-60E04C963B47}.Debug|Any CPU.ActiveCfg = Debug|Any CPU
		{CB534CD9-4AB3-4C15-8246-60E04C963B47}.Debug|Any CPU.Build.0 = Debug|Any CPU
		{CB534CD9-4AB3-4C15-8246-60E04C963B47}.Release|Any CPU.ActiveCfg = Release|Any CPU
		{CB534CD9-4AB3-4C15-8246-60E04C963B47}.Release|Any CPU.Build.0 = Release|Any CPU
		{114856AC-BCFE-4B17-A57F-20E29C14E953}.Debug|Any CPU.ActiveCfg = Debug|Any CPU
		{114856AC-BCFE-4B17-A57F-20E29C14E953}.Debug|Any CPU.Build.0 = Debug|Any CPU
		{114856AC-BCFE-4B17-A57F-20E29C14E953}.Release|Any CPU.ActiveCfg = Release|Any CPU
		{114856AC-BCFE-4B17-A57F-20E29C14E953}.Release|Any CPU.Build.0 = Release|Any CPU
		{7BB96DA2-8F19-4A6F-B5B4-42C43FB5677D}.Debug|Any CPU.ActiveCfg = Debug|Any CPU
		{7BB96DA2-8F19-4A6F-B5B4-42C43FB5677D}.Debug|Any CPU.Build.0 = Debug|Any CPU
		{7BB96DA2-8F19-4A6F-B5B4-42C43FB5677D}.Release|Any CPU.ActiveCfg = Release|Any CPU
		{7BB96DA2-8F19-4A6F-B5B4-42C43FB5677D}.Release|Any CPU.Build.0 = Release|Any CPU
		{286E8A22-057C-48B3-A145-6CD6275C2C39}.Debug|Any CPU.ActiveCfg = Debug|Any CPU
		{286E8A22-057C-48B3-A145-6CD6275C2C39}.Debug|Any CPU.Build.0 = Debug|Any CPU
		{286E8A22-057C-48B3-A145-6CD6275C2C39}.Release|Any CPU.ActiveCfg = Release|Any CPU
		{286E8A22-057C-48B3-A145-6CD6275C2C39}.Release|Any CPU.Build.0 = Release|Any CPU
		{D8C16C74-E9C0-4EE2-BA02-D623FD40072E}.Debug|Any CPU.ActiveCfg = Debug|Any CPU
		{D8C16C74-E9C0-4EE2-BA02-D623FD40072E}.Debug|Any CPU.Build.0 = Debug|Any CPU
		{D8C16C74-E9C0-4EE2-BA02-D623FD40072E}.Release|Any CPU.ActiveCfg = Release|Any CPU
		{D8C16C74-E9C0-4EE2-BA02-D623FD40072E}.Release|Any CPU.Build.0 = Release|Any CPU
		{1C6D90D2-B581-4BAF-A5EA-B0922A89F646}.Debug|Any CPU.ActiveCfg = Debug|Any CPU
		{1C6D90D2-B581-4BAF-A5EA-B0922A89F646}.Debug|Any CPU.Build.0 = Debug|Any CPU
		{1C6D90D2-B581-4BAF-A5EA-B0922A89F646}.Release|Any CPU.ActiveCfg = Release|Any CPU
		{1C6D90D2-B581-4BAF-A5EA-B0922A89F646}.Release|Any CPU.Build.0 = Release|Any CPU
		{C8DE7D3F-3852-438E-AA80-C905C9DAD01F}.Debug|Any CPU.ActiveCfg = Debug|Any CPU
		{C8DE7D3F-3852-438E-AA80-C905C9DAD01F}.Debug|Any CPU.Build.0 = Debug|Any CPU
		{C8DE7D3F-3852-438E-AA80-C905C9DAD01F}.Release|Any CPU.ActiveCfg = Release|Any CPU
		{C8DE7D3F-3852-438E-AA80-C905C9DAD01F}.Release|Any CPU.Build.0 = Release|Any CPU
		{4A4F787B-CD8D-4B2A-99A9-A36FFC3AB271}.Debug|Any CPU.ActiveCfg = Debug|Any CPU
		{4A4F787B-CD8D-4B2A-99A9-A36FFC3AB271}.Debug|Any CPU.Build.0 = Debug|Any CPU
		{4A4F787B-CD8D-4B2A-99A9-A36FFC3AB271}.Release|Any CPU.ActiveCfg = Release|Any CPU
		{4A4F787B-CD8D-4B2A-99A9-A36FFC3AB271}.Release|Any CPU.Build.0 = Release|Any CPU
		{E760CC64-7F73-4EEB-BF72-2C6246743107}.Debug|Any CPU.ActiveCfg = Debug|Any CPU
		{E760CC64-7F73-4EEB-BF72-2C6246743107}.Debug|Any CPU.Build.0 = Debug|Any CPU
		{E760CC64-7F73-4EEB-BF72-2C6246743107}.Release|Any CPU.ActiveCfg = Release|Any CPU
		{E760CC64-7F73-4EEB-BF72-2C6246743107}.Release|Any CPU.Build.0 = Release|Any CPU
		{45740144-4EFB-40BF-B721-3087F21CE9BB}.Debug|Any CPU.ActiveCfg = Debug|Any CPU
		{45740144-4EFB-40BF-B721-3087F21CE9BB}.Debug|Any CPU.Build.0 = Debug|Any CPU
		{45740144-4EFB-40BF-B721-3087F21CE9BB}.Release|Any CPU.ActiveCfg = Release|Any CPU
		{45740144-4EFB-40BF-B721-3087F21CE9BB}.Release|Any CPU.Build.0 = Release|Any CPU
		{B01BF6AB-23FF-492E-9047-940BA872FA6C}.Debug|Any CPU.ActiveCfg = Debug|Any CPU
		{B01BF6AB-23FF-492E-9047-940BA872FA6C}.Debug|Any CPU.Build.0 = Debug|Any CPU
		{B01BF6AB-23FF-492E-9047-940BA872FA6C}.Release|Any CPU.ActiveCfg = Release|Any CPU
		{B01BF6AB-23FF-492E-9047-940BA872FA6C}.Release|Any CPU.Build.0 = Release|Any CPU
		{733E13E2-D1BF-4940-A4CC-8FF072AC7A3E}.Debug|Any CPU.ActiveCfg = Debug|Any CPU
		{733E13E2-D1BF-4940-A4CC-8FF072AC7A3E}.Debug|Any CPU.Build.0 = Debug|Any CPU
		{733E13E2-D1BF-4940-A4CC-8FF072AC7A3E}.Release|Any CPU.ActiveCfg = Release|Any CPU
		{733E13E2-D1BF-4940-A4CC-8FF072AC7A3E}.Release|Any CPU.Build.0 = Release|Any CPU
	EndGlobalSection
	GlobalSection(SolutionProperties) = preSolution
		HideSolutionNode = FALSE
	EndGlobalSection
	GlobalSection(ExtensibilityGlobals) = postSolution
		SolutionGuid = {A140A5EE-1735-4C76-8658-D1F29688F8B8}
	EndGlobalSection
EndGlobal
